
Microsoft Visual Studio Solution File, Format Version 12.00
# Visual Studio Version 16
VisualStudioVersion = 16.0.31911.196
MinimumVisualStudioVersion = 10.0.40219.1
Project("{FAE04EC0-301F-11D3-BF4B-00C04F79EFBC}") = "Authentication Component", "Authentication Component\Authentication Component.csproj", "{01F45C2B-2D45-4BA0-9497-9E7A6CA97E1A}"
EndProject
Global
	GlobalSection(SolutionConfigurationPlatforms) = preSolution
		Debug|Any CPU = Debug|Any CPU
		Release|Any CPU = Release|Any CPU
	EndGlobalSection
	GlobalSection(ProjectConfigurationPlatforms) = postSolution
		{01F45C2B-2D45-4BA0-9497-9E7A6CA97E1A}.Debug|Any CPU.ActiveCfg = Debug|Any CPU
		{01F45C2B-2D45-4BA0-9497-9E7A6CA97E1A}.Debug|Any CPU.Build.0 = Debug|Any CPU
		{01F45C2B-2D45-4BA0-9497-9E7A6CA97E1A}.Release|Any CPU.ActiveCfg = Release|Any CPU
		{01F45C2B-2D45-4BA0-9497-9E7A6CA97E1A}.Release|Any CPU.Build.0 = Release|Any CPU
	EndGlobalSection
	GlobalSection(SolutionProperties) = preSolution
		HideSolutionNode = FALSE
	EndGlobalSection
	GlobalSection(ExtensibilityGlobals) = postSolution
		SolutionGuid = {FBC11B4F-C710-452C-9C46-182126DABBAB}
	EndGlobalSection
EndGlobal
